// !$*UTF8*$!
{
	archiveVersion = 1;
	classes = {
	};
	objectVersion = 56;
	objects = {

/* Begin PBXBuildFile section */
		07110BC829C98CA100C405C0 /* SC_appApp.swift in Sources */ = {isa = PBXBuildFile; fileRef = 07110BC729C98CA100C405C0 /* SC_appApp.swift */; };
		07110BCA29C98CA100C405C0 /* ContentView.swift in Sources */ = {isa = PBXBuildFile; fileRef = 07110BC929C98CA100C405C0 /* ContentView.swift */; };
		07110BCC29C98CA300C405C0 /* Assets.xcassets in Resources */ = {isa = PBXBuildFile; fileRef = 07110BCB29C98CA300C405C0 /* Assets.xcassets */; };
		07110BCF29C98CA300C405C0 /* Preview Assets.xcassets in Resources */ = {isa = PBXBuildFile; fileRef = 07110BCE29C98CA300C405C0 /* Preview Assets.xcassets */; };
		07110BDA29C98CA300C405C0 /* SC_appTests.swift in Sources */ = {isa = PBXBuildFile; fileRef = 07110BD929C98CA300C405C0 /* SC_appTests.swift */; };
		07110BE429C98CA300C405C0 /* SC_appUITests.swift in Sources */ = {isa = PBXBuildFile; fileRef = 07110BE329C98CA300C405C0 /* SC_appUITests.swift */; };
		07110BE629C98CA300C405C0 /* SC_appUITestsLaunchTests.swift in Sources */ = {isa = PBXBuildFile; fileRef = 07110BE529C98CA300C405C0 /* SC_appUITestsLaunchTests.swift */; };
/* End PBXBuildFile section */

/* Begin PBXContainerItemProxy section */
		07110BD629C98CA300C405C0 /* PBXContainerItemProxy */ = {
			isa = PBXContainerItemProxy;
			containerPortal = 07110BBC29C98CA100C405C0 /* Project object */;
			proxyType = 1;
			remoteGlobalIDString = 07110BC329C98CA100C405C0;
			remoteInfo = "SC-app";
		};
		07110BE029C98CA300C405C0 /* PBXContainerItemProxy */ = {
			isa = PBXContainerItemProxy;
			containerPortal = 07110BBC29C98CA100C405C0 /* Project object */;
			proxyType = 1;
			remoteGlobalIDString = 07110BC329C98CA100C405C0;
			remoteInfo = "SC-app";
		};
/* End PBXContainerItemProxy section */

/* Begin PBXFileReference section */
		07110BC429C98CA100C405C0 /* SC-app.app */ = {isa = PBXFileReference; explicitFileType = wrapper.application; includeInIndex = 0; path = "SC-app.app"; sourceTree = BUILT_PRODUCTS_DIR; };
		07110BC729C98CA100C405C0 /* SC_appApp.swift */ = {isa = PBXFileReference; lastKnownFileType = sourcecode.swift; path = SC_appApp.swift; sourceTree = "<group>"; };
		07110BC929C98CA100C405C0 /* ContentView.swift */ = {isa = PBXFileReference; lastKnownFileType = sourcecode.swift; path = ContentView.swift; sourceTree = "<group>"; };
		07110BCB29C98CA300C405C0 /* Assets.xcassets */ = {isa = PBXFileReference; lastKnownFileType = folder.assetcatalog; path = Assets.xcassets; sourceTree = "<group>"; };
		07110BCE29C98CA300C405C0 /* Preview Assets.xcassets */ = {isa = PBXFileReference; lastKnownFileType = folder.assetcatalog; path = "Preview Assets.xcassets"; sourceTree = "<group>"; };
		07110BD029C98CA300C405C0 /* SC_app.entitlements */ = {isa = PBXFileReference; lastKnownFileType = text.plist.entitlements; path = SC_app.entitlements; sourceTree = "<group>"; };
		07110BD529C98CA300C405C0 /* SC-appTests.xctest */ = {isa = PBXFileReference; explicitFileType = wrapper.cfbundle; includeInIndex = 0; path = "SC-appTests.xctest"; sourceTree = BUILT_PRODUCTS_DIR; };
		07110BD929C98CA300C405C0 /* SC_appTests.swift */ = {isa = PBXFileReference; lastKnownFileType = sourcecode.swift; path = SC_appTests.swift; sourceTree = "<group>"; };
		07110BDF29C98CA300C405C0 /* SC-appUITests.xctest */ = {isa = PBXFileReference; explicitFileType = wrapper.cfbundle; includeInIndex = 0; path = "SC-appUITests.xctest"; sourceTree = BUILT_PRODUCTS_DIR; };
		07110BE329C98CA300C405C0 /* SC_appUITests.swift */ = {isa = PBXFileReference; lastKnownFileType = sourcecode.swift; path = SC_appUITests.swift; sourceTree = "<group>"; };
		07110BE529C98CA300C405C0 /* SC_appUITestsLaunchTests.swift */ = {isa = PBXFileReference; lastKnownFileType = sourcecode.swift; path = SC_appUITestsLaunchTests.swift; sourceTree = "<group>"; };
/* End PBXFileReference section */

/* Begin PBXFrameworksBuildPhase section */
		07110BC129C98CA100C405C0 /* Frameworks */ = {
			isa = PBXFrameworksBuildPhase;
			buildActionMask = 2147483647;
			files = (
			);
			runOnlyForDeploymentPostprocessing = 0;
		};
		07110BD229C98CA300C405C0 /* Frameworks */ = {
			isa = PBXFrameworksBuildPhase;
			buildActionMask = 2147483647;
			files = (
			);
			runOnlyForDeploymentPostprocessing = 0;
		};
		07110BDC29C98CA300C405C0 /* Frameworks */ = {
			isa = PBXFrameworksBuildPhase;
			buildActionMask = 2147483647;
			files = (
			);
			runOnlyForDeploymentPostprocessing = 0;
		};
/* End PBXFrameworksBuildPhase section */

/* Begin PBXGroup section */
		07110BBB29C98CA100C405C0 = {
			isa = PBXGroup;
			children = (
				07110BC629C98CA100C405C0 /* SC-app */,
				07110BD829C98CA300C405C0 /* SC-appTests */,
				07110BE229C98CA300C405C0 /* SC-appUITests */,
				07110BC529C98CA100C405C0 /* Products */,
			);
			sourceTree = "<group>";
		};
		07110BC529C98CA100C405C0 /* Products */ = {
			isa = PBXGroup;
			children = (
				07110BC429C98CA100C405C0 /* SC-app.app */,
				07110BD529C98CA300C405C0 /* SC-appTests.xctest */,
				07110BDF29C98CA300C405C0 /* SC-appUITests.xctest */,
			);
			name = Products;
			sourceTree = "<group>";
		};
		07110BC629C98CA100C405C0 /* SC-app */ = {
			isa = PBXGroup;
			children = (
				07110BC729C98CA100C405C0 /* SC_appApp.swift */,
				07110BC929C98CA100C405C0 /* ContentView.swift */,
				07110BCB29C98CA300C405C0 /* Assets.xcassets */,
				07110BD029C98CA300C405C0 /* SC_app.entitlements */,
				07110BCD29C98CA300C405C0 /* Preview Content */,
			);
			path = "SC-app";
			sourceTree = "<group>";
		};
		07110BCD29C98CA300C405C0 /* Preview Content */ = {
			isa = PBXGroup;
			children = (
				07110BCE29C98CA300C405C0 /* Preview Assets.xcassets */,
			);
			path = "Preview Content";
			sourceTree = "<group>";
		};
		07110BD829C98CA300C405C0 /* SC-appTests */ = {
			isa = PBXGroup;
			children = (
				07110BD929C98CA300C405C0 /* SC_appTests.swift */,
			);
			path = "SC-appTests";
			sourceTree = "<group>";
		};
		07110BE229C98CA300C405C0 /* SC-appUITests */ = {
			isa = PBXGroup;
			children = (
				07110BE329C98CA300C405C0 /* SC_appUITests.swift */,
				07110BE529C98CA300C405C0 /* SC_appUITestsLaunchTests.swift */,
			);
			path = "SC-appUITests";
			sourceTree = "<group>";
		};
/* End PBXGroup section */

/* Begin PBXNativeTarget section */
		07110BC329C98CA100C405C0 /* SC-app */ = {
			isa = PBXNativeTarget;
			buildConfigurationList = 07110BE929C98CA300C405C0 /* Build configuration list for PBXNativeTarget "SC-app" */;
			buildPhases = (
				07110BC029C98CA100C405C0 /* Sources */,
				07110BC129C98CA100C405C0 /* Frameworks */,
				07110BC229C98CA100C405C0 /* Resources */,
			);
			buildRules = (
			);
			dependencies = (
			);
			name = "SC-app";
			productName = "SC-app";
			productReference = 07110BC429C98CA100C405C0 /* SC-app.app */;
			productType = "com.apple.product-type.application";
		};
		07110BD429C98CA300C405C0 /* SC-appTests */ = {
			isa = PBXNativeTarget;
			buildConfigurationList = 07110BEC29C98CA300C405C0 /* Build configuration list for PBXNativeTarget "SC-appTests" */;
			buildPhases = (
				07110BD129C98CA300C405C0 /* Sources */,
				07110BD229C98CA300C405C0 /* Frameworks */,
				07110BD329C98CA300C405C0 /* Resources */,
			);
			buildRules = (
			);
			dependencies = (
				07110BD729C98CA300C405C0 /* PBXTargetDependency */,
			);
			name = "SC-appTests";
			productName = "SC-appTests";
			productReference = 07110BD529C98CA300C405C0 /* SC-appTests.xctest */;
			productType = "com.apple.product-type.bundle.unit-test";
		};
		07110BDE29C98CA300C405C0 /* SC-appUITests */ = {
			isa = PBXNativeTarget;
			buildConfigurationList = 07110BEF29C98CA300C405C0 /* Build configuration list for PBXNativeTarget "SC-appUITests" */;
			buildPhases = (
				07110BDB29C98CA300C405C0 /* Sources */,
				07110BDC29C98CA300C405C0 /* Frameworks */,
				07110BDD29C98CA300C405C0 /* Resources */,
			);
			buildRules = (
			);
			dependencies = (
				07110BE129C98CA300C405C0 /* PBXTargetDependency */,
			);
			name = "SC-appUITests";
			productName = "SC-appUITests";
			productReference = 07110BDF29C98CA300C405C0 /* SC-appUITests.xctest */;
			productType = "com.apple.product-type.bundle.ui-testing";
		};
/* End PBXNativeTarget section */

/* Begin PBXProject section */
		07110BBC29C98CA100C405C0 /* Project object */ = {
			isa = PBXProject;
			attributes = {
				BuildIndependentTargetsInParallel = 1;
				LastSwiftUpdateCheck = 1420;
				LastUpgradeCheck = 1420;
				TargetAttributes = {
					07110BC329C98CA100C405C0 = {
						CreatedOnToolsVersion = 14.2;
					};
					07110BD429C98CA300C405C0 = {
						CreatedOnToolsVersion = 14.2;
						TestTargetID = 07110BC329C98CA100C405C0;
					};
					07110BDE29C98CA300C405C0 = {
						CreatedOnToolsVersion = 14.2;
						TestTargetID = 07110BC329C98CA100C405C0;
					};
				};
			};
			buildConfigurationList = 07110BBF29C98CA100C405C0 /* Build configuration list for PBXProject "SC-app" */;
			compatibilityVersion = "Xcode 14.0";
			developmentRegion = en;
			hasScannedForEncodings = 0;
			knownRegions = (
				en,
				Base,
			);
			mainGroup = 07110BBB29C98CA100C405C0;
			productRefGroup = 07110BC529C98CA100C405C0 /* Products */;
			projectDirPath = "";
			projectRoot = "";
			targets = (
				07110BC329C98CA100C405C0 /* SC-app */,
				07110BD429C98CA300C405C0 /* SC-appTests */,
				07110BDE29C98CA300C405C0 /* SC-appUITests */,
			);
		};
/* End PBXProject section */

/* Begin PBXResourcesBuildPhase section */
		07110BC229C98CA100C405C0 /* Resources */ = {
			isa = PBXResourcesBuildPhase;
			buildActionMask = 2147483647;
			files = (
				07110BCF29C98CA300C405C0 /* Preview Assets.xcassets in Resources */,
				07110BCC29C98CA300C405C0 /* Assets.xcassets in Resources */,
			);
			runOnlyForDeploymentPostprocessing = 0;
		};
		07110BD329C98CA300C405C0 /* Resources */ = {
			isa = PBXResourcesBuildPhase;
			buildActionMask = 2147483647;
			files = (
			);
			runOnlyForDeploymentPostprocessing = 0;
		};
		07110BDD29C98CA300C405C0 /* Resources */ = {
			isa = PBXResourcesBuildPhase;
			buildActionMask = 2147483647;
			files = (
			);
			runOnlyForDeploymentPostprocessing = 0;
		};
/* End PBXResourcesBuildPhase section */

/* Begin PBXSourcesBuildPhase section */
		07110BC029C98CA100C405C0 /* Sources */ = {
			isa = PBXSourcesBuildPhase;
			buildActionMask = 2147483647;
			files = (
				07110BCA29C98CA100C405C0 /* ContentView.swift in Sources */,
				07110BC829C98CA100C405C0 /* SC_appApp.swift in Sources */,
			);
			runOnlyForDeploymentPostprocessing = 0;
		};
		07110BD129C98CA300C405C0 /* Sources */ = {
			isa = PBXSourcesBuildPhase;
			buildActionMask = 2147483647;
			files = (
				07110BDA29C98CA300C405C0 /* SC_appTests.swift in Sources */,
			);
			runOnlyForDeploymentPostprocessing = 0;
		};
		07110BDB29C98CA300C405C0 /* Sources */ = {
			isa = PBXSourcesBuildPhase;
			buildActionMask = 2147483647;
			files = (
				07110BE629C98CA300C405C0 /* SC_appUITestsLaunchTests.swift in Sources */,
				07110BE429C98CA300C405C0 /* SC_appUITests.swift in Sources */,
			);
			runOnlyForDeploymentPostprocessing = 0;
		};
/* End PBXSourcesBuildPhase section */

/* Begin PBXTargetDependency section */
		07110BD729C98CA300C405C0 /* PBXTargetDependency */ = {
			isa = PBXTargetDependency;
			target = 07110BC329C98CA100C405C0 /* SC-app */;
			targetProxy = 07110BD629C98CA300C405C0 /* PBXContainerItemProxy */;
		};
		07110BE129C98CA300C405C0 /* PBXTargetDependency */ = {
			isa = PBXTargetDependency;
			target = 07110BC329C98CA100C405C0 /* SC-app */;
			targetProxy = 07110BE029C98CA300C405C0 /* PBXContainerItemProxy */;
		};
/* End PBXTargetDependency section */

/* Begin XCBuildConfiguration section */
		07110BE729C98CA300C405C0 /* Debug */ = {
			isa = XCBuildConfiguration;
			buildSettings = {
				ALWAYS_SEARCH_USER_PATHS = NO;
				CLANG_ANALYZER_NONNULL = YES;
				CLANG_ANALYZER_NUMBER_OBJECT_CONVERSION = YES_AGGRESSIVE;
				CLANG_CXX_LANGUAGE_STANDARD = "gnu++20";
				CLANG_ENABLE_MODULES = YES;
				CLANG_ENABLE_OBJC_ARC = YES;
				CLANG_ENABLE_OBJC_WEAK = YES;
				CLANG_WARN_BLOCK_CAPTURE_AUTORELEASING = YES;
				CLANG_WARN_BOOL_CONVERSION = YES;
				CLANG_WARN_COMMA = YES;
				CLANG_WARN_CONSTANT_CONVERSION = YES;
				CLANG_WARN_DEPRECATED_OBJC_IMPLEMENTATIONS = YES;
				CLANG_WARN_DIRECT_OBJC_ISA_USAGE = YES_ERROR;
				CLANG_WARN_DOCUMENTATION_COMMENTS = YES;
				CLANG_WARN_EMPTY_BODY = YES;
				CLANG_WARN_ENUM_CONVERSION = YES;
				CLANG_WARN_INFINITE_RECURSION = YES;
				CLANG_WARN_INT_CONVERSION = YES;
				CLANG_WARN_NON_LITERAL_NULL_CONVERSION = YES;
				CLANG_WARN_OBJC_IMPLICIT_RETAIN_SELF = YES;
				CLANG_WARN_OBJC_LITERAL_CONVERSION = YES;
				CLANG_WARN_OBJC_ROOT_CLASS = YES_ERROR;
				CLANG_WARN_QUOTED_INCLUDE_IN_FRAMEWORK_HEADER = YES;
				CLANG_WARN_RANGE_LOOP_ANALYSIS = YES;
				CLANG_WARN_STRICT_PROTOTYPES = YES;
				CLANG_WARN_SUSPICIOUS_MOVE = YES;
				CLANG_WARN_UNGUARDED_AVAILABILITY = YES_AGGRESSIVE;
				CLANG_WARN_UNREACHABLE_CODE = YES;
				CLANG_WARN__DUPLICATE_METHOD_MATCH = YES;
				COPY_PHASE_STRIP = NO;
				DEBUG_INFORMATION_FORMAT = dwarf;
				ENABLE_STRICT_OBJC_MSGSEND = YES;
				ENABLE_TESTABILITY = YES;
				GCC_C_LANGUAGE_STANDARD = gnu11;
				GCC_DYNAMIC_NO_PIC = NO;
				GCC_NO_COMMON_BLOCKS = YES;
				GCC_OPTIMIZATION_LEVEL = 0;
				GCC_PREPROCESSOR_DEFINITIONS = (
					"DEBUG=1",
					"$(inherited)",
				);
				GCC_WARN_64_TO_32_BIT_CONVERSION = YES;
				GCC_WARN_ABOUT_RETURN_TYPE = YES_ERROR;
				GCC_WARN_UNDECLARED_SELECTOR = YES;
				GCC_WARN_UNINITIALIZED_AUTOS = YES_AGGRESSIVE;
				GCC_WARN_UNUSED_FUNCTION = YES;
				GCC_WARN_UNUSED_VARIABLE = YES;
				MACOSX_DEPLOYMENT_TARGET = 13.1;
				MTL_ENABLE_DEBUG_INFO = INCLUDE_SOURCE;
				MTL_FAST_MATH = YES;
				ONLY_ACTIVE_ARCH = YES;
				SDKROOT = macosx;
				SWIFT_ACTIVE_COMPILATION_CONDITIONS = DEBUG;
				SWIFT_OPTIMIZATION_LEVEL = "-Onone";
			};
			name = Debug;
		};
		07110BE829C98CA300C405C0 /* Release */ = {
			isa = XCBuildConfiguration;
			buildSettings = {
				ALWAYS_SEARCH_USER_PATHS = NO;
				CLANG_ANALYZER_NONNULL = YES;
				CLANG_ANALYZER_NUMBER_OBJECT_CONVERSION = YES_AGGRESSIVE;
				CLANG_CXX_LANGUAGE_STANDARD = "gnu++20";
				CLANG_ENABLE_MODULES = YES;
				CLANG_ENABLE_OBJC_ARC = YES;
				CLANG_ENABLE_OBJC_WEAK = YES;
				CLANG_WARN_BLOCK_CAPTURE_AUTORELEASING = YES;
				CLANG_WARN_BOOL_CONVERSION = YES;
				CLANG_WARN_COMMA = YES;
				CLANG_WARN_CONSTANT_CONVERSION = YES;
				CLANG_WARN_DEPRECATED_OBJC_IMPLEMENTATIONS = YES;
				CLANG_WARN_DIRECT_OBJC_ISA_USAGE = YES_ERROR;
				CLANG_WARN_DOCUMENTATION_COMMENTS = YES;
				CLANG_WARN_EMPTY_BODY = YES;
				CLANG_WARN_ENUM_CONVERSION = YES;
				CLANG_WARN_INFINITE_RECURSION = YES;
				CLANG_WARN_INT_CONVERSION = YES;
				CLANG_WARN_NON_LITERAL_NULL_CONVERSION = YES;
				CLANG_WARN_OBJC_IMPLICIT_RETAIN_SELF = YES;
				CLANG_WARN_OBJC_LITERAL_CONVERSION = YES;
				CLANG_WARN_OBJC_ROOT_CLASS = YES_ERROR;
				CLANG_WARN_QUOTED_INCLUDE_IN_FRAMEWORK_HEADER = YES;
				CLANG_WARN_RANGE_LOOP_ANALYSIS = YES;
				CLANG_WARN_STRICT_PROTOTYPES = YES;
				CLANG_WARN_SUSPICIOUS_MOVE = YES;
				CLANG_WARN_UNGUARDED_AVAILABILITY = YES_AGGRESSIVE;
				CLANG_WARN_UNREACHABLE_CODE = YES;
				CLANG_WARN__DUPLICATE_METHOD_MATCH = YES;
				COPY_PHASE_STRIP = NO;
				DEBUG_INFORMATION_FORMAT = "dwarf-with-dsym";
				ENABLE_NS_ASSERTIONS = NO;
				ENABLE_STRICT_OBJC_MSGSEND = YES;
				GCC_C_LANGUAGE_STANDARD = gnu11;
				GCC_NO_COMMON_BLOCKS = YES;
				GCC_WARN_64_TO_32_BIT_CONVERSION = YES;
				GCC_WARN_ABOUT_RETURN_TYPE = YES_ERROR;
				GCC_WARN_UNDECLARED_SELECTOR = YES;
				GCC_WARN_UNINITIALIZED_AUTOS = YES_AGGRESSIVE;
				GCC_WARN_UNUSED_FUNCTION = YES;
				GCC_WARN_UNUSED_VARIABLE = YES;
				MACOSX_DEPLOYMENT_TARGET = 13.1;
				MTL_ENABLE_DEBUG_INFO = NO;
				MTL_FAST_MATH = YES;
				SDKROOT = macosx;
				SWIFT_COMPILATION_MODE = wholemodule;
				SWIFT_OPTIMIZATION_LEVEL = "-O";
			};
			name = Release;
		};
		07110BEA29C98CA300C405C0 /* Debug */ = {
			isa = XCBuildConfiguration;
			buildSettings = {
				ASSETCATALOG_COMPILER_APPICON_NAME = AppIcon;
				ASSETCATALOG_COMPILER_GLOBAL_ACCENT_COLOR_NAME = AccentColor;
				CODE_SIGN_ENTITLEMENTS = "SC-app/SC_app.entitlements";
				CODE_SIGN_STYLE = Automatic;
				COMBINE_HIDPI_IMAGES = YES;
				CURRENT_PROJECT_VERSION = 1;
				DEVELOPMENT_ASSET_PATHS = "\"SC-app/Preview Content\"";
				DEVELOPMENT_TEAM = 827UG7WPHC;
				ENABLE_HARDENED_RUNTIME = YES;
				ENABLE_PREVIEWS = YES;
				GENERATE_INFOPLIST_FILE = YES;
				INFOPLIST_KEY_NSHumanReadableCopyright = "";
				LD_RUNPATH_SEARCH_PATHS = (
					"$(inherited)",
					"@executable_path/../Frameworks",
				);
				MARKETING_VERSION = 1.0;
				PRODUCT_BUNDLE_IDENTIFIER = "kliftoncheng.SC-app";
				PRODUCT_NAME = "$(TARGET_NAME)";
				SWIFT_EMIT_LOC_STRINGS = YES;
				SWIFT_VERSION = 5.0;
			};
			name = Debug;
		};
		07110BEB29C98CA300C405C0 /* Release */ = {
			isa = XCBuildConfiguration;
			buildSettings = {
				ASSETCATALOG_COMPILER_APPICON_NAME = AppIcon;
				ASSETCATALOG_COMPILER_GLOBAL_ACCENT_COLOR_NAME = AccentColor;
				CODE_SIGN_ENTITLEMENTS = "SC-app/SC_app.entitlements";
				CODE_SIGN_STYLE = Automatic;
				COMBINE_HIDPI_IMAGES = YES;
				CURRENT_PROJECT_VERSION = 1;
				DEVELOPMENT_ASSET_PATHS = "\"SC-app/Preview Content\"";
				DEVELOPMENT_TEAM = 827UG7WPHC;
				ENABLE_HARDENED_RUNTIME = YES;
				ENABLE_PREVIEWS = YES;
				GENERATE_INFOPLIST_FILE = YES;
				INFOPLIST_KEY_NSHumanReadableCopyright = "";
				LD_RUNPATH_SEARCH_PATHS = (
					"$(inherited)",
					"@executable_path/../Frameworks",
				);
				MARKETING_VERSION = 1.0;
				PRODUCT_BUNDLE_IDENTIFIER = "kliftoncheng.SC-app";
				PRODUCT_NAME = "$(TARGET_NAME)";
				SWIFT_EMIT_LOC_STRINGS = YES;
				SWIFT_VERSION = 5.0;
			};
			name = Release;
		};
		07110BED29C98CA300C405C0 /* Debug */ = {
			isa = XCBuildConfiguration;
			buildSettings = {
				ALWAYS_EMBED_SWIFT_STANDARD_LIBRARIES = YES;
				BUNDLE_LOADER = "$(TEST_HOST)";
				CODE_SIGN_STYLE = Automatic;
				CURRENT_PROJECT_VERSION = 1;
				DEVELOPMENT_TEAM = 827UG7WPHC;
				GENERATE_INFOPLIST_FILE = YES;
				MACOSX_DEPLOYMENT_TARGET = 13.1;
				MARKETING_VERSION = 1.0;
				PRODUCT_BUNDLE_IDENTIFIER = "kliftoncheng.SC-appTests";
				PRODUCT_NAME = "$(TARGET_NAME)";
				SWIFT_EMIT_LOC_STRINGS = NO;
				SWIFT_VERSION = 5.0;
				TEST_HOST = "$(BUILT_PRODUCTS_DIR)/SC-app.app/$(BUNDLE_EXECUTABLE_FOLDER_PATH)/SC-app";
			};
			name = Debug;
		};
		07110BEE29C98CA300C405C0 /* Release */ = {
			isa = XCBuildConfiguration;
			buildSettings = {
				ALWAYS_EMBED_SWIFT_STANDARD_LIBRARIES = YES;
				BUNDLE_LOADER = "$(TEST_HOST)";
				CODE_SIGN_STYLE = Automatic;
				CURRENT_PROJECT_VERSION = 1;
				DEVELOPMENT_TEAM = 827UG7WPHC;
				GENERATE_INFOPLIST_FILE = YES;
				MACOSX_DEPLOYMENT_TARGET = 13.1;
				MARKETING_VERSION = 1.0;
				PRODUCT_BUNDLE_IDENTIFIER = "kliftoncheng.SC-appTests";
				PRODUCT_NAME = "$(TARGET_NAME)";
				SWIFT_EMIT_LOC_STRINGS = NO;
				SWIFT_VERSION = 5.0;
				TEST_HOST = "$(BUILT_PRODUCTS_DIR)/SC-app.app/$(BUNDLE_EXECUTABLE_FOLDER_PATH)/SC-app";
			};
			name = Release;
		};
		07110BF029C98CA300C405C0 /* Debug */ = {
			isa = XCBuildConfiguration;
			buildSettings = {
				ALWAYS_EMBED_SWIFT_STANDARD_LIBRARIES = YES;
				CODE_SIGN_STYLE = Automatic;
				CURRENT_PROJECT_VERSION = 1;
				DEVELOPMENT_TEAM = 827UG7WPHC;
				GENERATE_INFOPLIST_FILE = YES;
				MARKETING_VERSION = 1.0;
				PRODUCT_BUNDLE_IDENTIFIER = "kliftoncheng.SC-appUITests";
				PRODUCT_NAME = "$(TARGET_NAME)";
				SWIFT_EMIT_LOC_STRINGS = NO;
				SWIFT_VERSION = 5.0;
				TEST_TARGET_NAME = "SC-app";
			};
			name = Debug;
		};
		07110BF129C98CA300C405C0 /* Release */ = {
			isa = XCBuildConfiguration;
			buildSettings = {
				ALWAYS_EMBED_SWIFT_STANDARD_LIBRARIES = YES;
				CODE_SIGN_STYLE = Automatic;
				CURRENT_PROJECT_VERSION = 1;
				DEVELOPMENT_TEAM = 827UG7WPHC;
				GENERATE_INFOPLIST_FILE = YES;
				MARKETING_VERSION = 1.0;
				PRODUCT_BUNDLE_IDENTIFIER = "kliftoncheng.SC-appUITests";
				PRODUCT_NAME = "$(TARGET_NAME)";
				SWIFT_EMIT_LOC_STRINGS = NO;
				SWIFT_VERSION = 5.0;
				TEST_TARGET_NAME = "SC-app";
			};
			name = Release;
		};
/* End XCBuildConfiguration section */

/* Begin XCConfigurationList section */
		07110BBF29C98CA100C405C0 /* Build configuration list for PBXProject "SC-app" */ = {
			isa = XCConfigurationList;
			buildConfigurations = (
				07110BE729C98CA300C405C0 /* Debug */,
				07110BE829C98CA300C405C0 /* Release */,
			);
			defaultConfigurationIsVisible = 0;
			defaultConfigurationName = Release;
		};
		07110BE929C98CA300C405C0 /* Build configuration list for PBXNativeTarget "SC-app" */ = {
			isa = XCConfigurationList;
			buildConfigurations = (
				07110BEA29C98CA300C405C0 /* Debug */,
				07110BEB29C98CA300C405C0 /* Release */,
			);
			defaultConfigurationIsVisible = 0;
			defaultConfigurationName = Release;
		};
		07110BEC29C98CA300C405C0 /* Build configuration list for PBXNativeTarget "SC-appTests" */ = {
			isa = XCConfigurationList;
			buildConfigurations = (
				07110BED29C98CA300C405C0 /* Debug */,
				07110BEE29C98CA300C405C0 /* Release */,
			);
			defaultConfigurationIsVisible = 0;
			defaultConfigurationName = Release;
		};
		07110BEF29C98CA300C405C0 /* Build configuration list for PBXNativeTarget "SC-appUITests" */ = {
			isa = XCConfigurationList;
			buildConfigurations = (
				07110BF029C98CA300C405C0 /* Debug */,
				07110BF129C98CA300C405C0 /* Release */,
			);
			defaultConfigurationIsVisible = 0;
			defaultConfigurationName = Release;
		};
/* End XCConfigurationList section */
	};
	rootObject = 07110BBC29C98CA100C405C0 /* Project object */;
}
